
Microsoft Visual Studio Solution File, Format Version 12.00
# Visual Studio Version 16
VisualStudioVersion = 16.0.31613.86
MinimumVisualStudioVersion = 10.0.40219.1
Project("{FAE04EC0-301F-11D3-BF4B-00C04F79EFBC}") = "WebApplication3", "WebApplication3\WebApplication3.csproj", "{306015D1-D84E-48E2-A6BD-A1767E426AB0}"
EndProject
Global
	GlobalSection(SolutionConfigurationPlatforms) = preSolution
		Debug|Any CPU = Debug|Any CPU
		Release|Any CPU = Release|Any CPU
	EndGlobalSection
	GlobalSection(ProjectConfigurationPlatforms) = postSolution
		{306015D1-D84E-48E2-A6BD-A1767E426AB0}.Debug|Any CPU.ActiveCfg = Debug|Any CPU
		{306015D1-D84E-48E2-A6BD-A1767E426AB0}.Debug|Any CPU.Build.0 = Debug|Any CPU
		{306015D1-D84E-48E2-A6BD-A1767E426AB0}.Release|Any CPU.ActiveCfg = Release|Any CPU
		{306015D1-D84E-48E2-A6BD-A1767E426AB0}.Release|Any CPU.Build.0 = Release|Any CPU
	EndGlobalSection
	GlobalSection(SolutionProperties) = preSolution
		HideSolutionNode = FALSE
	EndGlobalSection
	GlobalSection(ExtensibilityGlobals) = postSolution
		SolutionGuid = {12498F4E-0820-426A-85FE-D5729DB0BFFC}
	EndGlobalSection
EndGlobal
